
Microsoft Visual Studio Solution File, Format Version 12.00
# Visual Studio Version 17
VisualStudioVersion = 17.9.34714.143
MinimumVisualStudioVersion = 10.0.40219.1
Project("{FAE04EC0-301F-11D3-BF4B-00C04F79EFBC}") = "myWeatherAPI", "myWeatherAPI.csproj", "{0717EF47-8507-4726-8327-947B285116BC}"
EndProject
Global
	GlobalSection(SolutionConfigurationPlatforms) = preSolution
		Debug|Any CPU = Debug|Any CPU
		Release|Any CPU = Release|Any CPU
	EndGlobalSection
	GlobalSection(ProjectConfigurationPlatforms) = postSolution
		{0717EF47-8507-4726-8327-947B285116BC}.Debug|Any CPU.ActiveCfg = Debug|Any CPU
		{0717EF47-8507-4726-8327-947B285116BC}.Debug|Any CPU.Build.0 = Debug|Any CPU
		{0717EF47-8507-4726-8327-947B285116BC}.Release|Any CPU.ActiveCfg = Release|Any CPU
		{0717EF47-8507-4726-8327-947B285116BC}.Release|Any CPU.Build.0 = Release|Any CPU
	EndGlobalSection
	GlobalSection(SolutionProperties) = preSolution
		HideSolutionNode = FALSE
	EndGlobalSection
	GlobalSection(ExtensibilityGlobals) = postSolution
		SolutionGuid = {F9E0ED21-8503-4FD1-991A-44821B2A1E5F}
	EndGlobalSection
EndGlobal
